
Microsoft Visual Studio Solution File, Format Version 12.00
# Visual Studio 15
VisualStudioVersion = 15.0.28307.106
MinimumVisualStudioVersion = 10.0.40219.1
Project("{8BC9CEB8-8B4A-11D0-8D11-00A0C91BC942}") = "SeExp", "SeExp\SeExp.vcxproj", "{BD532282-2EB0-4AAA-89AB-ED685EE33364}"
EndProject
Global
	GlobalSection(SolutionConfigurationPlatforms) = preSolution
		Debug|x64 = Debug|x64
		Debug|x86 = Debug|x86
		Release|x64 = Release|x64
		Release|x86 = Release|x86
	EndGlobalSection
	GlobalSection(ProjectConfigurationPlatforms) = postSolution
		{BD532282-2EB0-4AAA-89AB-ED685EE33364}.Debug|x64.ActiveCfg = Debug|x64
		{BD532282-2EB0-4AAA-89AB-ED685EE33364}.Debug|x64.Build.0 = Debug|x64
		{BD532282-2EB0-4AAA-89AB-ED685EE33364}.Debug|x86.ActiveCfg = Debug|Win32
		{BD532282-2EB0-4AAA-89AB-ED685EE33364}.Debug|x86.Build.0 = Debug|Win32
		{BD532282-2EB0-4AAA-89AB-ED685EE33364}.Release|x64.ActiveCfg = Release|x64
		{BD532282-2EB0-4AAA-89AB-ED685EE33364}.Release|x64.Build.0 = Release|x64
		{BD532282-2EB0-4AAA-89AB-ED685EE33364}.Release|x86.ActiveCfg = Release|Win32
		{BD532282-2EB0-4AAA-89AB-ED685EE33364}.Release|x86.Build.0 = Release|Win32
	EndGlobalSection
	GlobalSection(SolutionProperties) = preSolution
		HideSolutionNode = FALSE
	EndGlobalSection
	GlobalSection(ExtensibilityGlobals) = postSolution
		SolutionGuid = {B08C5B85-7BFD-4AEA-B622-CABDE143D719}
	EndGlobalSection
EndGlobal
